
Microsoft Visual Studio Solution File, Format Version 12.00
# Visual Studio Version 17
VisualStudioVersion = 17.3.32804.467
MinimumVisualStudioVersion = 10.0.40219.1
Project("{FAE04EC0-301F-11D3-BF4B-00C04F79EFBC}") = "BlazorAlumnos.Server", "BlazorAlumnos\Server\BlazorAlumnos.Server.csproj", "{3D0AA784-3E71-4B77-A962-C14EB6396D4D}"
EndProject
Project("{FAE04EC0-301F-11D3-BF4B-00C04F79EFBC}") = "BlazorAlumnos.Client", "BlazorAlumnos\Client\BlazorAlumnos.Client.csproj", "{69AF6E76-557D-4C83-B558-464E60B7FB76}"
EndProject
Project("{FAE04EC0-301F-11D3-BF4B-00C04F79EFBC}") = "BlazorAlumnos.Shared", "BlazorAlumnos\Shared\BlazorAlumnos.Shared.csproj", "{028888A0-A062-40EC-917C-452474631303}"
EndProject
Global
	GlobalSection(SolutionConfigurationPlatforms) = preSolution
		Debug|Any CPU = Debug|Any CPU
		Release|Any CPU = Release|Any CPU
	EndGlobalSection
	GlobalSection(ProjectConfigurationPlatforms) = postSolution
		{3D0AA784-3E71-4B77-A962-C14EB6396D4D}.Debug|Any CPU.ActiveCfg = Debug|Any CPU
		{3D0AA784-3E71-4B77-A962-C14EB6396D4D}.Debug|Any CPU.Build.0 = Debug|Any CPU
		{3D0AA784-3E71-4B77-A962-C14EB6396D4D}.Release|Any CPU.ActiveCfg = Release|Any CPU
		{3D0AA784-3E71-4B77-A962-C14EB6396D4D}.Release|Any CPU.Build.0 = Release|Any CPU
		{69AF6E76-557D-4C83-B558-464E60B7FB76}.Debug|Any CPU.ActiveCfg = Debug|Any CPU
		{69AF6E76-557D-4C83-B558-464E60B7FB76}.Debug|Any CPU.Build.0 = Debug|Any CPU
		{69AF6E76-557D-4C83-B558-464E60B7FB76}.Release|Any CPU.ActiveCfg = Release|Any CPU
		{69AF6E76-557D-4C83-B558-464E60B7FB76}.Release|Any CPU.Build.0 = Release|Any CPU
		{028888A0-A062-40EC-917C-452474631303}.Debug|Any CPU.ActiveCfg = Debug|Any CPU
		{028888A0-A062-40EC-917C-452474631303}.Debug|Any CPU.Build.0 = Debug|Any CPU
		{028888A0-A062-40EC-917C-452474631303}.Release|Any CPU.ActiveCfg = Release|Any CPU
		{028888A0-A062-40EC-917C-452474631303}.Release|Any CPU.Build.0 = Release|Any CPU
	EndGlobalSection
	GlobalSection(SolutionProperties) = preSolution
		HideSolutionNode = FALSE
	EndGlobalSection
	GlobalSection(ExtensibilityGlobals) = postSolution
		SolutionGuid = {9D49BC98-4A11-4D7D-A648-1DC25DB385C4}
	EndGlobalSection
EndGlobal
